
Microsoft Visual Studio Solution File, Format Version 12.00
# Visual Studio 15
VisualStudioVersion = 15.0.27130.2010
MinimumVisualStudioVersion = 10.0.40219.1
Project("{888888A0-9F3D-457C-B088-3A5042F75D52}") = "Autoregressive", "StockPredictor\Autoregressive.pyproj", "{B07F3224-CF7D-419C-9673-8DF97E749C6C}"
EndProject
Project("{888888A0-9F3D-457C-B088-3A5042F75D52}") = "TwitterSentiment", "TwitterSentiment\TwitterSentiment.pyproj", "{34CF5CB7-F3B7-4AAF-8EE7-5889DD24EB0C}"
EndProject
Global
	GlobalSection(SolutionConfigurationPlatforms) = preSolution
		Debug|Any CPU = Debug|Any CPU
		Release|Any CPU = Release|Any CPU
	EndGlobalSection
	GlobalSection(ProjectConfigurationPlatforms) = postSolution
		{B07F3224-CF7D-419C-9673-8DF97E749C6C}.Debug|Any CPU.ActiveCfg = Debug|Any CPU
		{B07F3224-CF7D-419C-9673-8DF97E749C6C}.Release|Any CPU.ActiveCfg = Release|Any CPU
		{34CF5CB7-F3B7-4AAF-8EE7-5889DD24EB0C}.Debug|Any CPU.ActiveCfg = Debug|Any CPU
		{34CF5CB7-F3B7-4AAF-8EE7-5889DD24EB0C}.Release|Any CPU.ActiveCfg = Release|Any CPU
	EndGlobalSection
	GlobalSection(SolutionProperties) = preSolution
		HideSolutionNode = FALSE
	EndGlobalSection
	GlobalSection(ExtensibilityGlobals) = postSolution
		SolutionGuid = {B0BACA47-799A-4FD7-8EC9-E42E181902D4}
	EndGlobalSection
EndGlobal
